
Microsoft Visual Studio Solution File, Format Version 12.00
# Visual Studio 15
VisualStudioVersion = 15.0.28307.421
MinimumVisualStudioVersion = 10.0.40219.1
Project("{FAE04EC0-301F-11D3-BF4B-00C04F79EFBC}") = "app.Android", "app\app.Android\app.Android.csproj", "{21DCC10B-9037-4288-80C3-F1D50F4648A7}"
EndProject
Project("{FAE04EC0-301F-11D3-BF4B-00C04F79EFBC}") = "app.iOS", "app\app.iOS\app.iOS.csproj", "{73D5BDF0-4C77-4A76-9621-5503D32D0102}"
EndProject
Project("{FAE04EC0-301F-11D3-BF4B-00C04F79EFBC}") = "app", "app\app\app.csproj", "{BC5D16C0-B9DB-4F52-9F16-218D8FD9BC50}"
EndProject
Global
	GlobalSection(SolutionConfigurationPlatforms) = preSolution
		Ad-Hoc|Any CPU = Ad-Hoc|Any CPU
		Ad-Hoc|iPhone = Ad-Hoc|iPhone
		Ad-Hoc|iPhoneSimulator = Ad-Hoc|iPhoneSimulator
		AppStore|Any CPU = AppStore|Any CPU
		AppStore|iPhone = AppStore|iPhone
		AppStore|iPhoneSimulator = AppStore|iPhoneSimulator
		Debug|Any CPU = Debug|Any CPU
		Debug|iPhone = Debug|iPhone
		Debug|iPhoneSimulator = Debug|iPhoneSimulator
		Release|Any CPU = Release|Any CPU
		Release|iPhone = Release|iPhone
		Release|iPhoneSimulator = Release|iPhoneSimulator
	EndGlobalSection
	GlobalSection(ProjectConfigurationPlatforms) = postSolution
		{21DCC10B-9037-4288-80C3-F1D50F4648A7}.Ad-Hoc|Any CPU.ActiveCfg = Release|Any CPU
		{21DCC10B-9037-4288-80C3-F1D50F4648A7}.Ad-Hoc|Any CPU.Build.0 = Release|Any CPU
		{21DCC10B-9037-4288-80C3-F1D50F4648A7}.Ad-Hoc|Any CPU.Deploy.0 = Release|Any CPU
		{21DCC10B-9037-4288-80C3-F1D50F4648A7}.Ad-Hoc|iPhone.ActiveCfg = Release|Any CPU
		{21DCC10B-9037-4288-80C3-F1D50F4648A7}.Ad-Hoc|iPhone.Build.0 = Release|Any CPU
		{21DCC10B-9037-4288-80C3-F1D50F4648A7}.Ad-Hoc|iPhone.Deploy.0 = Release|Any CPU
		{21DCC10B-9037-4288-80C3-F1D50F4648A7}.Ad-Hoc|iPhoneSimulator.ActiveCfg = Release|Any CPU
		{21DCC10B-9037-4288-80C3-F1D50F4648A7}.Ad-Hoc|iPhoneSimulator.Build.0 = Release|Any CPU
		{21DCC10B-9037-4288-80C3-F1D50F4648A7}.Ad-Hoc|iPhoneSimulator.Deploy.0 = Release|Any CPU
		{21DCC10B-9037-4288-80C3-F1D50F4648A7}.AppStore|Any CPU.ActiveCfg = Release|Any CPU
		{21DCC10B-9037-4288-80C3-F1D50F4648A7}.AppStore|Any CPU.Build.0 = Release|Any CPU
		{21DCC10B-9037-4288-80C3-F1D50F4648A7}.AppStore|Any CPU.Deploy.0 = Release|Any CPU
		{21DCC10B-9037-4288-80C3-F1D50F4648A7}.AppStore|iPhone.ActiveCfg = Release|Any CPU
		{21DCC10B-9037-4288-80C3-F1D50F4648A7}.AppStore|iPhone.Build.0 = Release|Any CPU
		{21DCC10B-9037-4288-80C3-F1D50F4648A7}.AppStore|iPhone.Deploy.0 = Release|Any CPU
		{21DCC10B-9037-4288-80C3-F1D50F4648A7}.AppStore|iPhoneSimulator.ActiveCfg = Release|Any CPU
		{21DCC10B-9037-4288-80C3-F1D50F4648A7}.AppStore|iPhoneSimulator.Build.0 = Release|Any CPU
		{21DCC10B-9037-4288-80C3-F1D50F4648A7}.AppStore|iPhoneSimulator.Deploy.0 = Release|Any CPU
		{21DCC10B-9037-4288-80C3-F1D50F4648A7}.Debug|Any CPU.ActiveCfg = Debug|Any CPU
		{21DCC10B-9037-4288-80C3-F1D50F4648A7}.Debug|Any CPU.Build.0 = Debug|Any CPU
		{21DCC10B-9037-4288-80C3-F1D50F4648A7}.Debug|Any CPU.Deploy.0 = Debug|Any CPU
		{21DCC10B-9037-4288-80C3-F1D50F4648A7}.Debug|iPhone.ActiveCfg = Debug|Any CPU
		{21DCC10B-9037-4288-80C3-F1D50F4648A7}.Debug|iPhone.Build.0 = Debug|Any CPU
		{21DCC10B-9037-4288-80C3-F1D50F4648A7}.Debug|iPhone.Deploy.0 = Debug|Any CPU
		{21DCC10B-9037-4288-80C3-F1D50F4648A7}.Debug|iPhoneSimulator.ActiveCfg = Debug|Any CPU
		{21DCC10B-9037-4288-80C3-F1D50F4648A7}.Debug|iPhoneSimulator.Build.0 = Debug|Any CPU
		{21DCC10B-9037-4288-80C3-F1D50F4648A7}.Debug|iPhoneSimulator.Deploy.0 = Debug|Any CPU
		{21DCC10B-9037-4288-80C3-F1D50F4648A7}.Release|Any CPU.ActiveCfg = Release|Any CPU
		{21DCC10B-9037-4288-80C3-F1D50F4648A7}.Release|Any CPU.Build.0 = Release|Any CPU
		{21DCC10B-9037-4288-80C3-F1D50F4648A7}.Release|Any CPU.Deploy.0 = Release|Any CPU
		{21DCC10B-9037-4288-80C3-F1D50F4648A7}.Release|iPhone.ActiveCfg = Release|Any CPU
		{21DCC10B-9037-4288-80C3-F1D50F4648A7}.Release|iPhone.Build.0 = Release|Any CPU
		{21DCC10B-9037-4288-80C3-F1D50F4648A7}.Release|iPhone.Deploy.0 = Release|Any CPU
		{21DCC10B-9037-4288-80C3-F1D50F4648A7}.Release|iPhoneSimulator.ActiveCfg = Release|Any CPU
		{21DCC10B-9037-4288-80C3-F1D50F4648A7}.Release|iPhoneSimulator.Build.0 = Release|Any CPU
		{21DCC10B-9037-4288-80C3-F1D50F4648A7}.Release|iPhoneSimulator.Deploy.0 = Release|Any CPU
		{73D5BDF0-4C77-4A76-9621-5503D32D0102}.Ad-Hoc|Any CPU.ActiveCfg = Ad-Hoc|iPhone
		{73D5BDF0-4C77-4A76-9621-5503D32D0102}.Ad-Hoc|Any CPU.Build.0 = Ad-Hoc|iPhone
		{73D5BDF0-4C77-4A76-9621-5503D32D0102}.Ad-Hoc|Any CPU.Deploy.0 = Ad-Hoc|iPhone
		{73D5BDF0-4C77-4A76-9621-5503D32D0102}.Ad-Hoc|iPhone.ActiveCfg = Ad-Hoc|iPhone
		{73D5BDF0-4C77-4A76-9621-5503D32D0102}.Ad-Hoc|iPhone.Build.0 = Ad-Hoc|iPhone
		{73D5BDF0-4C77-4A76-9621-5503D32D0102}.Ad-Hoc|iPhone.Deploy.0 = Ad-Hoc|iPhone
		{73D5BDF0-4C77-4A76-9621-5503D32D0102}.Ad-Hoc|iPhoneSimulator.ActiveCfg = Ad-Hoc|iPhoneSimulator
		{73D5BDF0-4C77-4A76-9621-5503D32D0102}.Ad-Hoc|iPhoneSimulator.Build.0 = Ad-Hoc|iPhoneSimulator
		{73D5BDF0-4C77-4A76-9621-5503D32D0102}.Ad-Hoc|iPhoneSimulator.Deploy.0 = Ad-Hoc|iPhoneSimulator
		{73D5BDF0-4C77-4A76-9621-5503D32D0102}.AppStore|Any CPU.ActiveCfg = AppStore|iPhone
		{73D5BDF0-4C77-4A76-9621-5503D32D0102}.AppStore|Any CPU.Build.0 = AppStore|iPhone
		{73D5BDF0-4C77-4A76-9621-5503D32D0102}.AppStore|Any CPU.Deploy.0 = AppStore|iPhone
		{73D5BDF0-4C77-4A76-9621-5503D32D0102}.AppStore|iPhone.ActiveCfg = AppStore|iPhone
		{73D5BDF0-4C77-4A76-9621-5503D32D0102}.AppStore|iPhone.Build.0 = AppStore|iPhone
		{73D5BDF0-4C77-4A76-9621-5503D32D0102}.AppStore|iPhone.Deploy.0 = AppStore|iPhone
		{73D5BDF0-4C77-4A76-9621-5503D32D0102}.AppStore|iPhoneSimulator.ActiveCfg = AppStore|iPhoneSimulator
		{73D5BDF0-4C77-4A76-9621-5503D32D0102}.AppStore|iPhoneSimulator.Build.0 = AppStore|iPhoneSimulator
		{73D5BDF0-4C77-4A76-9621-5503D32D0102}.AppStore|iPhoneSimulator.Deploy.0 = AppStore|iPhoneSimulator
		{73D5BDF0-4C77-4A76-9621-5503D32D0102}.Debug|Any CPU.ActiveCfg = Debug|iPhoneSimulator
		{73D5BDF0-4C77-4A76-9621-5503D32D0102}.Debug|Any CPU.Build.0 = Debug|iPhoneSimulator
		{73D5BDF0-4C77-4A76-9621-5503D32D0102}.Debug|Any CPU.Deploy.0 = Debug|iPhoneSimulator
		{73D5BDF0-4C77-4A76-9621-5503D32D0102}.Debug|iPhone.ActiveCfg = Debug|iPhone
		{73D5BDF0-4C77-4A76-9621-5503D32D0102}.Debug|iPhone.Build.0 = Debug|iPhone
		{73D5BDF0-4C77-4A76-9621-5503D32D0102}.Debug|iPhone.Deploy.0 = Debug|iPhone
		{73D5BDF0-4C77-4A76-9621-5503D32D0102}.Debug|iPhoneSimulator.ActiveCfg = Debug|iPhoneSimulator
		{73D5BDF0-4C77-4A76-9621-5503D32D0102}.Debug|iPhoneSimulator.Build.0 = Debug|iPhoneSimulator
		{73D5BDF0-4C77-4A76-9621-5503D32D0102}.Debug|iPhoneSimulator.Deploy.0 = Debug|iPhoneSimulator
		{73D5BDF0-4C77-4A76-9621-5503D32D0102}.Release|Any CPU.ActiveCfg = Release|iPhone
		{73D5BDF0-4C77-4A76-9621-5503D32D0102}.Release|Any CPU.Build.0 = Release|iPhone
		{73D5BDF0-4C77-4A76-9621-5503D32D0102}.Release|Any CPU.Deploy.0 = Release|iPhone
		{73D5BDF0-4C77-4A76-9621-5503D32D0102}.Release|iPhone.ActiveCfg = Release|iPhone
		{73D5BDF0-4C77-4A76-9621-5503D32D0102}.Release|iPhone.Build.0 = Release|iPhone
		{73D5BDF0-4C77-4A76-9621-5503D32D0102}.Release|iPhone.Deploy.0 = Release|iPhone
		{73D5BDF0-4C77-4A76-9621-5503D32D0102}.Release|iPhoneSimulator.ActiveCfg = Release|iPhoneSimulator
		{73D5BDF0-4C77-4A76-9621-5503D32D0102}.Release|iPhoneSimulator.Build.0 = Release|iPhoneSimulator
		{73D5BDF0-4C77-4A76-9621-5503D32D0102}.Release|iPhoneSimulator.Deploy.0 = Release|iPhoneSimulator
		{BC5D16C0-B9DB-4F52-9F16-218D8FD9BC50}.Ad-Hoc|Any CPU.ActiveCfg = Debug|Any CPU
		{BC5D16C0-B9DB-4F52-9F16-218D8FD9BC50}.Ad-Hoc|Any CPU.Build.0 = Debug|Any CPU
		{BC5D16C0-B9DB-4F52-9F16-218D8FD9BC50}.Ad-Hoc|Any CPU.Deploy.0 = Debug|Any CPU
		{BC5D16C0-B9DB-4F52-9F16-218D8FD9BC50}.Ad-Hoc|iPhone.ActiveCfg = Debug|Any CPU
		{BC5D16C0-B9DB-4F52-9F16-218D8FD9BC50}.Ad-Hoc|iPhone.Build.0 = Debug|Any CPU
		{BC5D16C0-B9DB-4F52-9F16-218D8FD9BC50}.Ad-Hoc|iPhone.Deploy.0 = Debug|Any CPU
		{BC5D16C0-B9DB-4F52-9F16-218D8FD9BC50}.Ad-Hoc|iPhoneSimulator.ActiveCfg = Debug|Any CPU
		{BC5D16C0-B9DB-4F52-9F16-218D8FD9BC50}.Ad-Hoc|iPhoneSimulator.Build.0 = Debug|Any CPU
		{BC5D16C0-B9DB-4F52-9F16-218D8FD9BC50}.Ad-Hoc|iPhoneSimulator.Deploy.0 = Debug|Any CPU
		{BC5D16C0-B9DB-4F52-9F16-218D8FD9BC50}.AppStore|Any CPU.ActiveCfg = Debug|Any CPU
		{BC5D16C0-B9DB-4F52-9F16-218D8FD9BC50}.AppStore|Any CPU.Build.0 = Debug|Any CPU
		{BC5D16C0-B9DB-4F52-9F16-218D8FD9BC50}.AppStore|Any CPU.Deploy.0 = Debug|Any CPU
		{BC5D16C0-B9DB-4F52-9F16-218D8FD9BC50}.AppStore|iPhone.ActiveCfg = Debug|Any CPU
		{BC5D16C0-B9DB-4F52-9F16-218D8FD9BC50}.AppStore|iPhone.Build.0 = Debug|Any CPU
		{BC5D16C0-B9DB-4F52-9F16-218D8FD9BC50}.AppStore|iPhone.Deploy.0 = Debug|Any CPU
		{BC5D16C0-B9DB-4F52-9F16-218D8FD9BC50}.AppStore|iPhoneSimulator.ActiveCfg = Debug|Any CPU
		{BC5D16C0-B9DB-4F52-9F16-218D8FD9BC50}.AppStore|iPhoneSimulator.Build.0 = Debug|Any CPU
		{BC5D16C0-B9DB-4F52-9F16-218D8FD9BC50}.AppStore|iPhoneSimulator.Deploy.0 = Debug|Any CPU
		{BC5D16C0-B9DB-4F52-9F16-218D8FD9BC50}.Debug|Any CPU.ActiveCfg = Debug|Any CPU
		{BC5D16C0-B9DB-4F52-9F16-218D8FD9BC50}.Debug|Any CPU.Build.0 = Debug|Any CPU
		{BC5D16C0-B9DB-4F52-9F16-218D8FD9BC50}.Debug|Any CPU.Deploy.0 = Debug|Any CPU
		{BC5D16C0-B9DB-4F52-9F16-218D8FD9BC50}.Debug|iPhone.ActiveCfg = Debug|Any CPU
		{BC5D16C0-B9DB-4F52-9F16-218D8FD9BC50}.Debug|iPhone.Build.0 = Debug|Any CPU
		{BC5D16C0-B9DB-4F52-9F16-218D8FD9BC50}.Debug|iPhone.Deploy.0 = Debug|Any CPU
		{BC5D16C0-B9DB-4F52-9F16-218D8FD9BC50}.Debug|iPhoneSimulator.ActiveCfg = Debug|Any CPU
		{BC5D16C0-B9DB-4F52-9F16-218D8FD9BC50}.Debug|iPhoneSimulator.Build.0 = Debug|Any CPU
		{BC5D16C0-B9DB-4F52-9F16-218D8FD9BC50}.Debug|iPhoneSimulator.Deploy.0 = Debug|Any CPU
		{BC5D16C0-B9DB-4F52-9F16-218D8FD9BC50}.Release|Any CPU.ActiveCfg = Release|Any CPU
		{BC5D16C0-B9DB-4F52-9F16-218D8FD9BC50}.Release|Any CPU.Build.0 = Release|Any CPU
		{BC5D16C0-B9DB-4F52-9F16-218D8FD9BC50}.Release|Any CPU.Deploy.0 = Release|Any CPU
		{BC5D16C0-B9DB-4F52-9F16-218D8FD9BC50}.Release|iPhone.ActiveCfg = Release|Any CPU
		{BC5D16C0-B9DB-4F52-9F16-218D8FD9BC50}.Release|iPhone.Build.0 = Release|Any CPU
		{BC5D16C0-B9DB-4F52-9F16-218D8FD9BC50}.Release|iPhone.Deploy.0 = Release|Any CPU
		{BC5D16C0-B9DB-4F52-9F16-218D8FD9BC50}.Release|iPhoneSimulator.ActiveCfg = Release|Any CPU
		{BC5D16C0-B9DB-4F52-9F16-218D8FD9BC50}.Release|iPhoneSimulator.Build.0 = Release|Any CPU
		{BC5D16C0-B9DB-4F52-9F16-218D8FD9BC50}.Release|iPhoneSimulator.Deploy.0 = Release|Any CPU
	EndGlobalSection
	GlobalSection(SolutionProperties) = preSolution
		HideSolutionNode = FALSE
	EndGlobalSection
	GlobalSection(ExtensibilityGlobals) = postSolution
		SolutionGuid = {A7AAB6F8-AD9F-48A8-AD22-86602347E8AE}
	EndGlobalSection
EndGlobal
